
Microsoft Visual Studio Solution File, Format Version 12.00
# Visual Studio Version 17
VisualStudioVersion = 17.7.34031.279
MinimumVisualStudioVersion = 10.0.40219.1
Project("{FAE04EC0-301F-11D3-BF4B-00C04F79EFBC}") = "KonyvtarApp", "KonyvtarApp\KonyvtarApp.csproj", "{55D998F0-F9DA-4B78-B200-D906874BD987}"
EndProject
Project("{FAE04EC0-301F-11D3-BF4B-00C04F79EFBC}") = "KonyvtarWebAPI", "KonyvtarWebAPI\KonyvtarWebAPI.csproj", "{AC4F89A6-E393-434D-AFD7-A04AE5D638FF}"
EndProject
Project("{FAE04EC0-301F-11D3-BF4B-00C04F79EFBC}") = "KonyvtarBlazor", "KonyvtarBlazor\KonyvtarBlazor.csproj", "{70E295E0-D35A-43C0-BD6C-BBA0240528F2}"
EndProject
Global
	GlobalSection(SolutionConfigurationPlatforms) = preSolution
		Debug|Any CPU = Debug|Any CPU
		Release|Any CPU = Release|Any CPU
	EndGlobalSection
	GlobalSection(ProjectConfigurationPlatforms) = postSolution
		{55D998F0-F9DA-4B78-B200-D906874BD987}.Debug|Any CPU.ActiveCfg = Debug|Any CPU
		{55D998F0-F9DA-4B78-B200-D906874BD987}.Debug|Any CPU.Build.0 = Debug|Any CPU
		{55D998F0-F9DA-4B78-B200-D906874BD987}.Release|Any CPU.ActiveCfg = Release|Any CPU
		{55D998F0-F9DA-4B78-B200-D906874BD987}.Release|Any CPU.Build.0 = Release|Any CPU
		{AC4F89A6-E393-434D-AFD7-A04AE5D638FF}.Debug|Any CPU.ActiveCfg = Debug|Any CPU
		{AC4F89A6-E393-434D-AFD7-A04AE5D638FF}.Debug|Any CPU.Build.0 = Debug|Any CPU
		{AC4F89A6-E393-434D-AFD7-A04AE5D638FF}.Release|Any CPU.ActiveCfg = Release|Any CPU
		{AC4F89A6-E393-434D-AFD7-A04AE5D638FF}.Release|Any CPU.Build.0 = Release|Any CPU
		{70E295E0-D35A-43C0-BD6C-BBA0240528F2}.Debug|Any CPU.ActiveCfg = Debug|Any CPU
		{70E295E0-D35A-43C0-BD6C-BBA0240528F2}.Debug|Any CPU.Build.0 = Debug|Any CPU
		{70E295E0-D35A-43C0-BD6C-BBA0240528F2}.Release|Any CPU.ActiveCfg = Release|Any CPU
		{70E295E0-D35A-43C0-BD6C-BBA0240528F2}.Release|Any CPU.Build.0 = Release|Any CPU
	EndGlobalSection
	GlobalSection(SolutionProperties) = preSolution
		HideSolutionNode = FALSE
	EndGlobalSection
	GlobalSection(ExtensibilityGlobals) = postSolution
		SolutionGuid = {8F79BFC0-888D-4F84-BA66-C50FE022E303}
	EndGlobalSection
EndGlobal
